
Microsoft Visual Studio Solution File, Format Version 12.00
# Visual Studio Version 17
VisualStudioVersion = 17.5.33530.505
MinimumVisualStudioVersion = 10.0.40219.1
Project("{FAE04EC0-301F-11D3-BF4B-00C04F79EFBC}") = "MinhaApi", "MinhaApi\MinhaApi.csproj", "{D8B50036-521D-49BF-A752-42599CA6B9A4}"
EndProject
Global
	GlobalSection(SolutionConfigurationPlatforms) = preSolution
		Debug|Any CPU = Debug|Any CPU
		Release|Any CPU = Release|Any CPU
	EndGlobalSection
	GlobalSection(ProjectConfigurationPlatforms) = postSolution
		{D8B50036-521D-49BF-A752-42599CA6B9A4}.Debug|Any CPU.ActiveCfg = Debug|Any CPU
		{D8B50036-521D-49BF-A752-42599CA6B9A4}.Debug|Any CPU.Build.0 = Debug|Any CPU
		{D8B50036-521D-49BF-A752-42599CA6B9A4}.Release|Any CPU.ActiveCfg = Release|Any CPU
		{D8B50036-521D-49BF-A752-42599CA6B9A4}.Release|Any CPU.Build.0 = Release|Any CPU
	EndGlobalSection
	GlobalSection(SolutionProperties) = preSolution
		HideSolutionNode = FALSE
	EndGlobalSection
	GlobalSection(ExtensibilityGlobals) = postSolution
		SolutionGuid = {D8058553-A9FD-4F50-BE03-A2FAC209A228}
	EndGlobalSection
EndGlobal
